<?xml version="1.0" encoding="utf-8"?>
<Project ToolsVersion="4.0" xmlns="http://schemas.microsoft.com/developer/msbuild/2003">
  <ItemGroup>
    <ClCompile Include="Droplet3D\BoundaryIntegral.cpp">
      <Filter>Droplet3D</Filter>
    </ClCompile>
    <ClCompile Include="Droplet3D\BPS3D.cpp">
      <Filter>Droplet3D</Filter>
    </ClCompile>
    <ClCompile Include="Droplet3D\BPS3DExplicit.cpp">
      <Filter>Droplet3D</Filter>
    </ClCompile>
    <ClCompile Include="Droplet3D\BPS3DHelmholtzDecomposition.cpp">
      <Filter>Droplet3D</Filter>
    </ClCompile>
    <ClCompile Include="Droplet3D\BPS3DImplicit.cpp">
      <Filter>Droplet3D</Filter>
    </ClCompile>
    <ClCompile Include="Droplet3D\BPS3DPressureSolve.cpp">
      <Filter>Droplet3D</Filter>
    </ClCompile>
    <ClCompile Include="Droplet3D\BPS3DPressureSolveIterative.cpp">
      <Filter>Droplet3D</Filter>
    </ClCompile>
    <ClCompile Include="Droplet3D\FMMTLWrapper.cpp">
      <Filter>Droplet3D</Filter>
    </ClCompile>
    <ClCompile Include="Droplet3D\MeshIO.cpp">
      <Filter>Droplet3D</Filter>
    </ClCompile>
    <ClCompile Include="Droplet3D\Scenes.cpp">
      <Filter>Droplet3D</Filter>
    </ClCompile>
    <ClCompile Include="Droplet3D\Sim.cpp">
      <Filter>Droplet3D</Filter>
    </ClCompile>
    <ClCompile Include="Droplet3D\SimOptions.cpp">
      <Filter>Droplet3D</Filter>
    </ClCompile>
    <ClCompile Include="Droplet3D\LosTopos3D\accelerationgrid.cpp">
      <Filter>LosTopos3D</Filter>
    </ClCompile>
    <ClCompile Include="Droplet3D\LosTopos3D\broadphasegrid.cpp">
      <Filter>LosTopos3D</Filter>
    </ClCompile>
    <ClCompile Include="Droplet3D\LosTopos3D\collisionpipeline.cpp">
      <Filter>LosTopos3D</Filter>
    </ClCompile>
    <ClCompile Include="Droplet3D\LosTopos3D\dynamicsurface.cpp">
      <Filter>LosTopos3D</Filter>
    </ClCompile>
    <ClCompile Include="Droplet3D\LosTopos3D\edgecollapser.cpp">
      <Filter>LosTopos3D</Filter>
    </ClCompile>
    <ClCompile Include="Droplet3D\LosTopos3D\edgeflipper.cpp">
      <Filter>LosTopos3D</Filter>
    </ClCompile>
    <ClCompile Include="Droplet3D\LosTopos3D\edgesplitter.cpp">
      <Filter>LosTopos3D</Filter>
    </ClCompile>
    <ClCompile Include="Droplet3D\LosTopos3D\facesplitter.cpp">
      <Filter>LosTopos3D</Filter>
    </ClCompile>
    <ClCompile Include="Droplet3D\LosTopos3D\impactzonesolver.cpp">
      <Filter>LosTopos3D</Filter>
    </ClCompile>
    <ClCompile Include="Droplet3D\LosTopos3D\iomesh.cpp">
      <Filter>LosTopos3D</Filter>
    </ClCompile>
    <ClCompile Include="Droplet3D\LosTopos3D\meshcutter.cpp">
      <Filter>LosTopos3D</Filter>
    </ClCompile>
    <ClCompile Include="Droplet3D\LosTopos3D\meshmerger.cpp">
      <Filter>LosTopos3D</Filter>
    </ClCompile>
    <ClCompile Include="Droplet3D\LosTopos3D\meshpincher.cpp">
      <Filter>LosTopos3D</Filter>
    </ClCompile>
    <ClCompile Include="Droplet3D\LosTopos3D\meshsmoother.cpp">
      <Filter>LosTopos3D</Filter>
    </ClCompile>
    <ClCompile Include="Droplet3D\LosTopos3D\meshsnapper.cpp">
      <Filter>LosTopos3D</Filter>
    </ClCompile>
    <ClCompile Include="Droplet3D\LosTopos3D\nondestructivetrimesh.cpp">
      <Filter>LosTopos3D</Filter>
    </ClCompile>
    <ClCompile Include="Droplet3D\LosTopos3D\subdivisionscheme.cpp">
      <Filter>LosTopos3D</Filter>
    </ClCompile>
    <ClCompile Include="Droplet3D\LosTopos3D\surftrack.cpp">
      <Filter>LosTopos3D</Filter>
    </ClCompile>
    <ClCompile Include="Droplet3D\LosTopos3D\t1transition.cpp">
      <Filter>LosTopos3D</Filter>
    </ClCompile>
    <ClCompile Include="Droplet3D\LosTopos3D\trianglequality.cpp">
      <Filter>LosTopos3D</Filter>
    </ClCompile>
    <ClCompile Include="Droplet3D\Fluid3D\faithful_surfacing3.cpp">
      <Filter>Fluid3D</Filter>
    </ClCompile>
    <ClCompile Include="Droplet3D\Fluid3D\fluidsim.cpp">
      <Filter>Fluid3D</Filter>
    </ClCompile>
    <ClCompile Include="Droplet3D\Fluid3D\GeometricLevelGen.cpp">
      <Filter>Fluid3D</Filter>
    </ClCompile>
    <ClCompile Include="Droplet3D\Fluid3D\incomplete_qr.cpp">
      <Filter>Fluid3D</Filter>
    </ClCompile>
    <ClCompile Include="Droplet3D\Fluid3D\levelset_util.cpp">
      <Filter>Fluid3D</Filter>
    </ClCompile>
    <ClCompile Include="Droplet3D\Fluid3D\makelevelset3.cpp">
      <Filter>Fluid3D</Filter>
    </ClCompile>
    <ClCompile Include="Droplet3D\Fluid3D\marching_tiles.cpp">
      <Filter>Fluid3D</Filter>
    </ClCompile>
    <ClCompile Include="Droplet3D\Fluid3D\main1.cpp">
      <Filter>Fluid3D</Filter>
    </ClCompile>
    <ClCompile Include="common\bfstream.cpp">
      <Filter>common</Filter>
    </ClCompile>
    <ClCompile Include="common\ccd_wrapper.cpp">
      <Filter>common</Filter>
    </ClCompile>
    <ClCompile Include="common\collisionqueries.cpp">
      <Filter>common</Filter>
    </ClCompile>
    <ClCompile Include="common\cubic_ccd_wrapper.cpp">
      <Filter>common</Filter>
    </ClCompile>
    <ClCompile Include="common\dense_matrix.cpp">
      <Filter>common</Filter>
    </ClCompile>
    <ClCompile Include="common\expansion.cpp">
      <Filter>common</Filter>
    </ClCompile>
    <ClCompile Include="common\intersection.cpp">
      <Filter>common</Filter>
    </ClCompile>
    <ClCompile Include="common\interval.cpp">
      <Filter>common</Filter>
    </ClCompile>
    <ClCompile Include="common\krylov_solvers.cpp">
      <Filter>common</Filter>
    </ClCompile>
    <ClCompile Include="common\marching_tiles_hires.cpp">
      <Filter>common</Filter>
    </ClCompile>
    <ClCompile Include="common\neg.cpp">
      <Filter>common</Filter>
    </ClCompile>
    <ClCompile Include="common\orientation.cpp">
      <Filter>common</Filter>
    </ClCompile>
    <ClCompile Include="common\predicates.cpp">
      <Filter>common</Filter>
    </ClCompile>
    <ClCompile Include="common\root_parity_ccd_wrapper.cpp">
      <Filter>common</Filter>
    </ClCompile>
    <ClCompile Include="common\rootparitycollisiontest.cpp">
      <Filter>common</Filter>
    </ClCompile>
    <ClCompile Include="common\runstats.cpp">
      <Filter>common</Filter>
    </ClCompile>
    <ClCompile Include="common\sos_intersection.cpp">
      <Filter>common</Filter>
    </ClCompile>
    <ClCompile Include="common\sos_orientation.cpp">
      <Filter>common</Filter>
    </ClCompile>
  </ItemGroup>
  <ItemGroup>
    <Filter Include="common">
      <UniqueIdentifier>{1049bcca-5f52-439e-bbc5-45b0518abb35}</UniqueIdentifier>
    </Filter>
    <Filter Include="LosTopos3D">
      <UniqueIdentifier>{710253f8-5816-4875-a7d9-a2dc6c1068a5}</UniqueIdentifier>
    </Filter>
    <Filter Include="Fluid3D">
      <UniqueIdentifier>{8adc6d35-291a-408c-ae85-c5747661c4b3}</UniqueIdentifier>
    </Filter>
    <Filter Include="Droplet3D">
      <UniqueIdentifier>{abd3da64-d6f0-474c-9a6c-95bebfa3c612}</UniqueIdentifier>
    </Filter>
  </ItemGroup>
  <ItemGroup>
    <ClInclude Include="Droplet3D\BoundaryIntegral.h">
      <Filter>Droplet3D</Filter>
    </ClInclude>
    <ClInclude Include="Droplet3D\BPS3D.h">
      <Filter>Droplet3D</Filter>
    </ClInclude>
    <ClInclude Include="Droplet3D\FMMTLWrapper.h">
      <Filter>Droplet3D</Filter>
    </ClInclude>
    <ClInclude Include="Droplet3D\MeshIO.h">
      <Filter>Droplet3D</Filter>
    </ClInclude>
    <ClInclude Include="Droplet3D\Scenes.h">
      <Filter>Droplet3D</Filter>
    </ClInclude>
    <ClInclude Include="Droplet3D\Sim.h">
      <Filter>Droplet3D</Filter>
    </ClInclude>
    <ClInclude Include="Droplet3D\SimOptions.h">
      <Filter>Droplet3D</Filter>
    </ClInclude>
    <ClInclude Include="Droplet3D\LosTopos3D\accelerationgrid.h">
      <Filter>LosTopos3D</Filter>
    </ClInclude>
    <ClInclude Include="Droplet3D\LosTopos3D\broadphase.h">
      <Filter>LosTopos3D</Filter>
    </ClInclude>
    <ClInclude Include="Droplet3D\LosTopos3D\broadphasegrid.h">
      <Filter>LosTopos3D</Filter>
    </ClInclude>
    <ClInclude Include="Droplet3D\LosTopos3D\collisionpipeline.h">
      <Filter>LosTopos3D</Filter>
    </ClInclude>
    <ClInclude Include="Droplet3D\LosTopos3D\dynamicsurface.h">
      <Filter>LosTopos3D</Filter>
    </ClInclude>
    <ClInclude Include="Droplet3D\LosTopos3D\edgecollapser.h">
      <Filter>LosTopos3D</Filter>
    </ClInclude>
    <ClInclude Include="Droplet3D\LosTopos3D\edgeflipper.h">
      <Filter>LosTopos3D</Filter>
    </ClInclude>
    <ClInclude Include="Droplet3D\LosTopos3D\edgesplitter.h">
      <Filter>LosTopos3D</Filter>
    </ClInclude>
    <ClInclude Include="Droplet3D\LosTopos3D\facesplitter.h">
      <Filter>LosTopos3D</Filter>
    </ClInclude>
    <ClInclude Include="Droplet3D\LosTopos3D\impactzonesolver.h">
      <Filter>LosTopos3D</Filter>
    </ClInclude>
    <ClInclude Include="Droplet3D\LosTopos3D\iomesh.h">
      <Filter>LosTopos3D</Filter>
    </ClInclude>
    <ClInclude Include="Droplet3D\LosTopos3D\meshcutter.h">
      <Filter>LosTopos3D</Filter>
    </ClInclude>
    <ClInclude Include="Droplet3D\LosTopos3D\meshmerger.h">
      <Filter>LosTopos3D</Filter>
    </ClInclude>
    <ClInclude Include="Droplet3D\LosTopos3D\meshpincher.h">
      <Filter>LosTopos3D</Filter>
    </ClInclude>
    <ClInclude Include="Droplet3D\LosTopos3D\meshsmoother.h">
      <Filter>LosTopos3D</Filter>
    </ClInclude>
    <ClInclude Include="Droplet3D\LosTopos3D\meshsnapper.h">
      <Filter>LosTopos3D</Filter>
    </ClInclude>
    <ClInclude Include="Droplet3D\LosTopos3D\nondestructivetrimesh.h">
      <Filter>LosTopos3D</Filter>
    </ClInclude>
    <ClInclude Include="Droplet3D\LosTopos3D\options.h">
      <Filter>LosTopos3D</Filter>
    </ClInclude>
    <ClInclude Include="Droplet3D\LosTopos3D\subdivisionscheme.h">
      <Filter>LosTopos3D</Filter>
    </ClInclude>
    <ClInclude Include="Droplet3D\LosTopos3D\surftrack.h">
      <Filter>LosTopos3D</Filter>
    </ClInclude>
    <ClInclude Include="Droplet3D\LosTopos3D\t1transition.h">
      <Filter>LosTopos3D</Filter>
    </ClInclude>
    <ClInclude Include="Droplet3D\LosTopos3D\trianglequality.h">
      <Filter>LosTopos3D</Filter>
    </ClInclude>
    <ClInclude Include="Droplet3D\Fluid3D\AlgebraicMultigrid.h">
      <Filter>Fluid3D</Filter>
    </ClInclude>
    <ClInclude Include="Droplet3D\Fluid3D\cgsolver.h">
      <Filter>Fluid3D</Filter>
    </ClInclude>
    <ClInclude Include="Droplet3D\Fluid3D\crsolver.h">
      <Filter>Fluid3D</Filter>
    </ClInclude>
    <ClInclude Include="Droplet3D\Fluid3D\faithful_surfacing3.h">
      <Filter>Fluid3D</Filter>
    </ClInclude>
    <ClInclude Include="Droplet3D\Fluid3D\fluidsim.h">
      <Filter>Fluid3D</Filter>
    </ClInclude>
    <ClInclude Include="Droplet3D\Fluid3D\GeometricLevelGen.h">
      <Filter>Fluid3D</Filter>
    </ClInclude>
    <ClInclude Include="Droplet3D\Fluid3D\gluvi.h">
      <Filter>Fluid3D</Filter>
    </ClInclude>
    <ClInclude Include="Droplet3D\Fluid3D\hashgrid.h">
      <Filter>Fluid3D</Filter>
    </ClInclude>
    <ClInclude Include="Droplet3D\Fluid3D\incomplete_qr.h">
      <Filter>Fluid3D</Filter>
    </ClInclude>
    <ClInclude Include="Droplet3D\Fluid3D\levelset_util.h">
      <Filter>Fluid3D</Filter>
    </ClInclude>
    <ClInclude Include="Droplet3D\Fluid3D\makelevelset3.h">
      <Filter>Fluid3D</Filter>
    </ClInclude>
    <ClInclude Include="Droplet3D\Fluid3D\marching_tiles.h">
      <Filter>Fluid3D</Filter>
    </ClInclude>
    <ClInclude Include="Droplet3D\Fluid3D\pcg_solver.h">
      <Filter>Fluid3D</Filter>
    </ClInclude>
    <ClInclude Include="Droplet3D\Fluid3D\SDFGen.h">
      <Filter>Fluid3D</Filter>
    </ClInclude>
    <ClInclude Include="Droplet3D\Fluid3D\sparseilu.h">
      <Filter>Fluid3D</Filter>
    </ClInclude>
    <ClInclude Include="Droplet3D\Fluid3D\sparsemilu.h">
      <Filter>Fluid3D</Filter>
    </ClInclude>
    <ClInclude Include="Droplet3D\Fluid3D\sparse_matrix.h">
      <Filter>Fluid3D</Filter>
    </ClInclude>
  </ItemGroup>
</Project>